
Microsoft Visual Studio Solution File, Format Version 12.00
# Visual Studio Version 17
VisualStudioVersion = 17.0.32112.339
MinimumVisualStudioVersion = 10.0.40219.1
Project("{FAE04EC0-301F-11D3-BF4B-00C04F79EFBC}") = "ExercicioUm.ConsoleApp", "ExercicioUm.ConsoleApp\ExercicioUm.ConsoleApp.csproj", "{64EC876D-6E5A-4E96-87DF-76F98264FCC4}"
EndProject
Project("{FAE04EC0-301F-11D3-BF4B-00C04F79EFBC}") = "ExercicioDois.ConsoleApp", "ExercicioDois.ConsoleApp\ExercicioDois.ConsoleApp.csproj", "{432649E5-5FAF-4035-BFD1-6515815CC1F8}"
EndProject
Project("{FAE04EC0-301F-11D3-BF4B-00C04F79EFBC}") = "ExercicioTres.ConsoleApp", "ExercicioTres.ConsoleApp\ExercicioTres.ConsoleApp.csproj", "{120AAABF-48BD-4402-BF87-818A35B84A0A}"
EndProject
Project("{FAE04EC0-301F-11D3-BF4B-00C04F79EFBC}") = "ExercicioQuatro.ConsoleApp", "ExercicioQuatro.ConsoleApp\ExercicioQuatro.ConsoleApp.csproj", "{9580BA47-4036-4419-A005-8458DE791795}"
EndProject
Project("{FAE04EC0-301F-11D3-BF4B-00C04F79EFBC}") = "ExercicioCinco.ConsoleApp", "ExercicioCinco.ConsoleApp\ExercicioCinco.ConsoleApp.csproj", "{8F4E6284-E1AC-4A97-8D6B-74794FF617D4}"
EndProject
Global
	GlobalSection(SolutionConfigurationPlatforms) = preSolution
		Debug|Any CPU = Debug|Any CPU
		Release|Any CPU = Release|Any CPU
	EndGlobalSection
	GlobalSection(ProjectConfigurationPlatforms) = postSolution
		{64EC876D-6E5A-4E96-87DF-76F98264FCC4}.Debug|Any CPU.ActiveCfg = Debug|Any CPU
		{64EC876D-6E5A-4E96-87DF-76F98264FCC4}.Debug|Any CPU.Build.0 = Debug|Any CPU
		{64EC876D-6E5A-4E96-87DF-76F98264FCC4}.Release|Any CPU.ActiveCfg = Release|Any CPU
		{64EC876D-6E5A-4E96-87DF-76F98264FCC4}.Release|Any CPU.Build.0 = Release|Any CPU
		{432649E5-5FAF-4035-BFD1-6515815CC1F8}.Debug|Any CPU.ActiveCfg = Debug|Any CPU
		{432649E5-5FAF-4035-BFD1-6515815CC1F8}.Debug|Any CPU.Build.0 = Debug|Any CPU
		{432649E5-5FAF-4035-BFD1-6515815CC1F8}.Release|Any CPU.ActiveCfg = Release|Any CPU
		{432649E5-5FAF-4035-BFD1-6515815CC1F8}.Release|Any CPU.Build.0 = Release|Any CPU
		{120AAABF-48BD-4402-BF87-818A35B84A0A}.Debug|Any CPU.ActiveCfg = Debug|Any CPU
		{120AAABF-48BD-4402-BF87-818A35B84A0A}.Debug|Any CPU.Build.0 = Debug|Any CPU
		{120AAABF-48BD-4402-BF87-818A35B84A0A}.Release|Any CPU.ActiveCfg = Release|Any CPU
		{120AAABF-48BD-4402-BF87-818A35B84A0A}.Release|Any CPU.Build.0 = Release|Any CPU
		{9580BA47-4036-4419-A005-8458DE791795}.Debug|Any CPU.ActiveCfg = Debug|Any CPU
		{9580BA47-4036-4419-A005-8458DE791795}.Debug|Any CPU.Build.0 = Debug|Any CPU
		{9580BA47-4036-4419-A005-8458DE791795}.Release|Any CPU.ActiveCfg = Release|Any CPU
		{9580BA47-4036-4419-A005-8458DE791795}.Release|Any CPU.Build.0 = Release|Any CPU
		{8F4E6284-E1AC-4A97-8D6B-74794FF617D4}.Debug|Any CPU.ActiveCfg = Debug|Any CPU
		{8F4E6284-E1AC-4A97-8D6B-74794FF617D4}.Debug|Any CPU.Build.0 = Debug|Any CPU
		{8F4E6284-E1AC-4A97-8D6B-74794FF617D4}.Release|Any CPU.ActiveCfg = Release|Any CPU
		{8F4E6284-E1AC-4A97-8D6B-74794FF617D4}.Release|Any CPU.Build.0 = Release|Any CPU
	EndGlobalSection
	GlobalSection(SolutionProperties) = preSolution
		HideSolutionNode = FALSE
	EndGlobalSection
	GlobalSection(ExtensibilityGlobals) = postSolution
		SolutionGuid = {B2E83FE6-C0F6-4539-856A-40B2DFD84B8C}
	EndGlobalSection
EndGlobal
